// !$*UTF8*$!
{
	archiveVersion = 1;
	classes = {
	};
	objectVersion = 55;
	objects = {

/* Begin PBXBuildFile section */
		8432C7E2286895D000CE57C5 /* Tests_iOS.swift in Sources */ = {isa = PBXBuildFile; fileRef = 8432C7E1286895D000CE57C5 /* Tests_iOS.swift */; };
		8432C7E4286895D000CE57C5 /* Tests_iOSLaunchTests.swift in Sources */ = {isa = PBXBuildFile; fileRef = 8432C7E3286895D000CE57C5 /* Tests_iOSLaunchTests.swift */; };
		8432C7EE286895D000CE57C5 /* Tests_macOS.swift in Sources */ = {isa = PBXBuildFile; fileRef = 8432C7ED286895D000CE57C5 /* Tests_macOS.swift */; };
		8432C7F0286895D000CE57C5 /* Tests_macOSLaunchTests.swift in Sources */ = {isa = PBXBuildFile; fileRef = 8432C7EF286895D000CE57C5 /* Tests_macOSLaunchTests.swift */; };
		8432C7F1286895D000CE57C5 /* GitHubDemoApp.swift in Sources */ = {isa = PBXBuildFile; fileRef = 8432C7C9286895CE00CE57C5 /* GitHubDemoApp.swift */; };
		8432C7F2286895D000CE57C5 /* GitHubDemoApp.swift in Sources */ = {isa = PBXBuildFile; fileRef = 8432C7C9286895CE00CE57C5 /* GitHubDemoApp.swift */; };
		8432C7F3286895D000CE57C5 /* MainView.swift in Sources */ = {isa = PBXBuildFile; fileRef = 8432C7CA286895CE00CE57C5 /* MainView.swift */; };
		8432C7F4286895D000CE57C5 /* MainView.swift in Sources */ = {isa = PBXBuildFile; fileRef = 8432C7CA286895CE00CE57C5 /* MainView.swift */; };
		8432C7F5286895D000CE57C5 /* Assets.xcassets in Resources */ = {isa = PBXBuildFile; fileRef = 8432C7CB286895D000CE57C5 /* Assets.xcassets */; };
		8432C7F6286895D000CE57C5 /* Assets.xcassets in Resources */ = {isa = PBXBuildFile; fileRef = 8432C7CB286895D000CE57C5 /* Assets.xcassets */; };
		8432C80628689E5700CE57C5 /* SecondView.swift in Sources */ = {isa = PBXBuildFile; fileRef = 8432C80528689E5700CE57C5 /* SecondView.swift */; };
		8432C80728689E5700CE57C5 /* SecondView.swift in Sources */ = {isa = PBXBuildFile; fileRef = 8432C80528689E5700CE57C5 /* SecondView.swift */; };
/* End PBXBuildFile section */

/* Begin PBXContainerItemProxy section */
		8432C7DE286895D000CE57C5 /* PBXContainerItemProxy */ = {
			isa = PBXContainerItemProxy;
			containerPortal = 8432C7C4286895CE00CE57C5 /* Project object */;
			proxyType = 1;
			remoteGlobalIDString = 8432C7CF286895D000CE57C5;
			remoteInfo = "GitHubDemo (iOS)";
		};
		8432C7EA286895D000CE57C5 /* PBXContainerItemProxy */ = {
			isa = PBXContainerItemProxy;
			containerPortal = 8432C7C4286895CE00CE57C5 /* Project object */;
			proxyType = 1;
			remoteGlobalIDString = 8432C7D5286895D000CE57C5;
			remoteInfo = "GitHubDemo (macOS)";
		};
/* End PBXContainerItemProxy section */

/* Begin PBXFileReference section */
		8432C7C9286895CE00CE57C5 /* GitHubDemoApp.swift */ = {isa = PBXFileReference; lastKnownFileType = sourcecode.swift; path = GitHubDemoApp.swift; sourceTree = "<group>"; };
		8432C7CA286895CE00CE57C5 /* MainView.swift */ = {isa = PBXFileReference; lastKnownFileType = sourcecode.swift; path = MainView.swift; sourceTree = "<group>"; };
		8432C7CB286895D000CE57C5 /* Assets.xcassets */ = {isa = PBXFileReference; lastKnownFileType = folder.assetcatalog; path = Assets.xcassets; sourceTree = "<group>"; };
		8432C7D0286895D000CE57C5 /* GitHubDemo.app */ = {isa = PBXFileReference; explicitFileType = wrapper.application; includeInIndex = 0; path = GitHubDemo.app; sourceTree = BUILT_PRODUCTS_DIR; };
		8432C7D6286895D000CE57C5 /* GitHubDemo.app */ = {isa = PBXFileReference; explicitFileType = wrapper.application; includeInIndex = 0; path = GitHubDemo.app; sourceTree = BUILT_PRODUCTS_DIR; };
		8432C7D8286895D000CE57C5 /* macOS.entitlements */ = {isa = PBXFileReference; lastKnownFileType = text.plist.entitlements; path = macOS.entitlements; sourceTree = "<group>"; };
		8432C7DD286895D000CE57C5 /* Tests iOS.xctest */ = {isa = PBXFileReference; explicitFileType = wrapper.cfbundle; includeInIndex = 0; path = "Tests iOS.xctest"; sourceTree = BUILT_PRODUCTS_DIR; };
		8432C7E1286895D000CE57C5 /* Tests_iOS.swift */ = {isa = PBXFileReference; lastKnownFileType = sourcecode.swift; path = Tests_iOS.swift; sourceTree = "<group>"; };
		8432C7E3286895D000CE57C5 /* Tests_iOSLaunchTests.swift */ = {isa = PBXFileReference; lastKnownFileType = sourcecode.swift; path = Tests_iOSLaunchTests.swift; sourceTree = "<group>"; };
		8432C7E9286895D000CE57C5 /* Tests macOS.xctest */ = {isa = PBXFileReference; explicitFileType = wrapper.cfbundle; includeInIndex = 0; path = "Tests macOS.xctest"; sourceTree = BUILT_PRODUCTS_DIR; };
		8432C7ED286895D000CE57C5 /* Tests_macOS.swift */ = {isa = PBXFileReference; lastKnownFileType = sourcecode.swift; path = Tests_macOS.swift; sourceTree = "<group>"; };
		8432C7EF286895D000CE57C5 /* Tests_macOSLaunchTests.swift */ = {isa = PBXFileReference; lastKnownFileType = sourcecode.swift; path = Tests_macOSLaunchTests.swift; sourceTree = "<group>"; };
		8432C80528689E5700CE57C5 /* SecondView.swift */ = {isa = PBXFileReference; lastKnownFileType = sourcecode.swift; path = SecondView.swift; sourceTree = SOURCE_ROOT; };
/* End PBXFileReference section */

/* Begin PBXFrameworksBuildPhase section */
		8432C7CD286895D000CE57C5 /* Frameworks */ = {
			isa = PBXFrameworksBuildPhase;
			buildActionMask = 2147483647;
			files = (
			);
			runOnlyForDeploymentPostprocessing = 0;
		};
		8432C7D3286895D000CE57C5 /* Frameworks */ = {
			isa = PBXFrameworksBuildPhase;
			buildActionMask = 2147483647;
			files = (
			);
			runOnlyForDeploymentPostprocessing = 0;
		};
		8432C7DA286895D000CE57C5 /* Frameworks */ = {
			isa = PBXFrameworksBuildPhase;
			buildActionMask = 2147483647;
			files = (
			);
			runOnlyForDeploymentPostprocessing = 0;
		};
		8432C7E6286895D000CE57C5 /* Frameworks */ = {
			isa = PBXFrameworksBuildPhase;
			buildActionMask = 2147483647;
			files = (
			);
			runOnlyForDeploymentPostprocessing = 0;
		};
/* End PBXFrameworksBuildPhase section */

/* Begin PBXGroup section */
		8432C7C3286895CE00CE57C5 = {
			isa = PBXGroup;
			children = (
				8432C7C8286895CE00CE57C5 /* Shared */,
				8432C7D7286895D000CE57C5 /* macOS */,
				8432C7E0286895D000CE57C5 /* Tests iOS */,
				8432C7EC286895D000CE57C5 /* Tests macOS */,
				8432C7D1286895D000CE57C5 /* Products */,
			);
			sourceTree = "<group>";
		};
		8432C7C8286895CE00CE57C5 /* Shared */ = {
			isa = PBXGroup;
			children = (
				8432C7C9286895CE00CE57C5 /* GitHubDemoApp.swift */,
				8432C7CA286895CE00CE57C5 /* MainView.swift */,
				8432C80528689E5700CE57C5 /* SecondView.swift */,
				8432C7CB286895D000CE57C5 /* Assets.xcassets */,
			);
			path = Shared;
			sourceTree = "<group>";
		};
		8432C7D1286895D000CE57C5 /* Products */ = {
			isa = PBXGroup;
			children = (
				8432C7D0286895D000CE57C5 /* GitHubDemo.app */,
				8432C7D6286895D000CE57C5 /* GitHubDemo.app */,
				8432C7DD286895D000CE57C5 /* Tests iOS.xctest */,
				8432C7E9286895D000CE57C5 /* Tests macOS.xctest */,
			);
			name = Products;
			sourceTree = "<group>";
		};
		8432C7D7286895D000CE57C5 /* macOS */ = {
			isa = PBXGroup;
			children = (
				8432C7D8286895D000CE57C5 /* macOS.entitlements */,
			);
			path = macOS;
			sourceTree = "<group>";
		};
		8432C7E0286895D000CE57C5 /* Tests iOS */ = {
			isa = PBXGroup;
			children = (
				8432C7E1286895D000CE57C5 /* Tests_iOS.swift */,
				8432C7E3286895D000CE57C5 /* Tests_iOSLaunchTests.swift */,
			);
			path = "Tests iOS";
			sourceTree = "<group>";
		};
		8432C7EC286895D000CE57C5 /* Tests macOS */ = {
			isa = PBXGroup;
			children = (
				8432C7ED286895D000CE57C5 /* Tests_macOS.swift */,
				8432C7EF286895D000CE57C5 /* Tests_macOSLaunchTests.swift */,
			);
			path = "Tests macOS";
			sourceTree = "<group>";
		};
/* End PBXGroup section */

/* Begin PBXNativeTarget section */
		8432C7CF286895D000CE57C5 /* GitHubDemo (iOS) */ = {
			isa = PBXNativeTarget;
			buildConfigurationList = 8432C7F9286895D000CE57C5 /* Build configuration list for PBXNativeTarget "GitHubDemo (iOS)" */;
			buildPhases = (
				8432C7CC286895D000CE57C5 /* Sources */,
				8432C7CD286895D000CE57C5 /* Frameworks */,
				8432C7CE286895D000CE57C5 /* Resources */,
			);
			buildRules = (
			);
			dependencies = (
			);
			name = "GitHubDemo (iOS)";
			productName = "GitHubDemo (iOS)";
			productReference = 8432C7D0286895D000CE57C5 /* GitHubDemo.app */;
			productType = "com.apple.product-type.application";
		};
		8432C7D5286895D000CE57C5 /* GitHubDemo (macOS) */ = {
			isa = PBXNativeTarget;
			buildConfigurationList = 8432C7FC286895D000CE57C5 /* Build configuration list for PBXNativeTarget "GitHubDemo (macOS)" */;
			buildPhases = (
				8432C7D2286895D000CE57C5 /* Sources */,
				8432C7D3286895D000CE57C5 /* Frameworks */,
				8432C7D4286895D000CE57C5 /* Resources */,
			);
			buildRules = (
			);
			dependencies = (
			);
			name = "GitHubDemo (macOS)";
			productName = "GitHubDemo (macOS)";
			productReference = 8432C7D6286895D000CE57C5 /* GitHubDemo.app */;
			productType = "com.apple.product-type.application";
		};
		8432C7DC286895D000CE57C5 /* Tests iOS */ = {
			isa = PBXNativeTarget;
			buildConfigurationList = 8432C7FF286895D000CE57C5 /* Build configuration list for PBXNativeTarget "Tests iOS" */;
			buildPhases = (
				8432C7D9286895D000CE57C5 /* Sources */,
				8432C7DA286895D000CE57C5 /* Frameworks */,
				8432C7DB286895D000CE57C5 /* Resources */,
			);
			buildRules = (
			);
			dependencies = (
				8432C7DF286895D000CE57C5 /* PBXTargetDependency */,
			);
			name = "Tests iOS";
			productName = "Tests iOS";
			productReference = 8432C7DD286895D000CE57C5 /* Tests iOS.xctest */;
			productType = "com.apple.product-type.bundle.ui-testing";
		};
		8432C7E8286895D000CE57C5 /* Tests macOS */ = {
			isa = PBXNativeTarget;
			buildConfigurationList = 8432C802286895D000CE57C5 /* Build configuration list for PBXNativeTarget "Tests macOS" */;
			buildPhases = (
				8432C7E5286895D000CE57C5 /* Sources */,
				8432C7E6286895D000CE57C5 /* Frameworks */,
				8432C7E7286895D000CE57C5 /* Resources */,
			);
			buildRules = (
			);
			dependencies = (
				8432C7EB286895D000CE57C5 /* PBXTargetDependency */,
			);
			name = "Tests macOS";
			productName = "Tests macOS";
			productReference = 8432C7E9286895D000CE57C5 /* Tests macOS.xctest */;
			productType = "com.apple.product-type.bundle.ui-testing";
		};
/* End PBXNativeTarget section */

/* Begin PBXProject section */
		8432C7C4286895CE00CE57C5 /* Project object */ = {
			isa = PBXProject;
			attributes = {
				BuildIndependentTargetsInParallel = 1;
				LastSwiftUpdateCheck = 1340;
				LastUpgradeCheck = 1340;
				TargetAttributes = {
					8432C7CF286895D000CE57C5 = {
						CreatedOnToolsVersion = 13.4.1;
					};
					8432C7D5286895D000CE57C5 = {
						CreatedOnToolsVersion = 13.4.1;
					};
					8432C7DC286895D000CE57C5 = {
						CreatedOnToolsVersion = 13.4.1;
						TestTargetID = 8432C7CF286895D000CE57C5;
					};
					8432C7E8286895D000CE57C5 = {
						CreatedOnToolsVersion = 13.4.1;
						TestTargetID = 8432C7D5286895D000CE57C5;
					};
				};
			};
			buildConfigurationList = 8432C7C7286895CE00CE57C5 /* Build configuration list for PBXProject "GitHubDemo" */;
			compatibilityVersion = "Xcode 13.0";
			developmentRegion = en;
			hasScannedForEncodings = 0;
			knownRegions = (
				en,
				Base,
			);
			mainGroup = 8432C7C3286895CE00CE57C5;
			productRefGroup = 8432C7D1286895D000CE57C5 /* Products */;
			projectDirPath = "";
			projectRoot = "";
			targets = (
				8432C7CF286895D000CE57C5 /* GitHubDemo (iOS) */,
				8432C7D5286895D000CE57C5 /* GitHubDemo (macOS) */,
				8432C7DC286895D000CE57C5 /* Tests iOS */,
				8432C7E8286895D000CE57C5 /* Tests macOS */,
			);
		};
/* End PBXProject section */

/* Begin PBXResourcesBuildPhase section */
		8432C7CE286895D000CE57C5 /* Resources */ = {
			isa = PBXResourcesBuildPhase;
			buildActionMask = 2147483647;
			files = (
				8432C7F5286895D000CE57C5 /* Assets.xcassets in Resources */,
			);
			runOnlyForDeploymentPostprocessing = 0;
		};
		8432C7D4286895D000CE57C5 /* Resources */ = {
			isa = PBXResourcesBuildPhase;
			buildActionMask = 2147483647;
			files = (
				8432C7F6286895D000CE57C5 /* Assets.xcassets in Resources */,
			);
			runOnlyForDeploymentPostprocessing = 0;
		};
		8432C7DB286895D000CE57C5 /* Resources */ = {
			isa = PBXResourcesBuildPhase;
			buildActionMask = 2147483647;
			files = (
			);
			runOnlyForDeploymentPostprocessing = 0;
		};
		8432C7E7286895D000CE57C5 /* Resources */ = {
			isa = PBXResourcesBuildPhase;
			buildActionMask = 2147483647;
			files = (
			);
			runOnlyForDeploymentPostprocessing = 0;
		};
/* End PBXResourcesBuildPhase section */

/* Begin PBXSourcesBuildPhase section */
		8432C7CC286895D000CE57C5 /* Sources */ = {
			isa = PBXSourcesBuildPhase;
			buildActionMask = 2147483647;
			files = (
				8432C80628689E5700CE57C5 /* SecondView.swift in Sources */,
				8432C7F3286895D000CE57C5 /* MainView.swift in Sources */,
				8432C7F1286895D000CE57C5 /* GitHubDemoApp.swift in Sources */,
			);
			runOnlyForDeploymentPostprocessing = 0;
		};
		8432C7D2286895D000CE57C5 /* Sources */ = {
			isa = PBXSourcesBuildPhase;
			buildActionMask = 2147483647;
			files = (
				8432C80728689E5700CE57C5 /* SecondView.swift in Sources */,
				8432C7F4286895D000CE57C5 /* MainView.swift in Sources */,
				8432C7F2286895D000CE57C5 /* GitHubDemoApp.swift in Sources */,
			);
			runOnlyForDeploymentPostprocessing = 0;
		};
		8432C7D9286895D000CE57C5 /* Sources */ = {
			isa = PBXSourcesBuildPhase;
			buildActionMask = 2147483647;
			files = (
				8432C7E4286895D000CE57C5 /* Tests_iOSLaunchTests.swift in Sources */,
				8432C7E2286895D000CE57C5 /* Tests_iOS.swift in Sources */,
			);
			runOnlyForDeploymentPostprocessing = 0;
		};
		8432C7E5286895D000CE57C5 /* Sources */ = {
			isa = PBXSourcesBuildPhase;
			buildActionMask = 2147483647;
			files = (
				8432C7F0286895D000CE57C5 /* Tests_macOSLaunchTests.swift in Sources */,
				8432C7EE286895D000CE57C5 /* Tests_macOS.swift in Sources */,
			);
			runOnlyForDeploymentPostprocessing = 0;
		};
/* End PBXSourcesBuildPhase section */

/* Begin PBXTargetDependency section */
		8432C7DF286895D000CE57C5 /* PBXTargetDependency */ = {
			isa = PBXTargetDependency;
			target = 8432C7CF286895D000CE57C5 /* GitHubDemo (iOS) */;
			targetProxy = 8432C7DE286895D000CE57C5 /* PBXContainerItemProxy */;
		};
		8432C7EB286895D000CE57C5 /* PBXTargetDependency */ = {
			isa = PBXTargetDependency;
			target = 8432C7D5286895D000CE57C5 /* GitHubDemo (macOS) */;
			targetProxy = 8432C7EA286895D000CE57C5 /* PBXContainerItemProxy */;
		};
/* End PBXTargetDependency section */

/* Begin XCBuildConfiguration section */
		8432C7F7286895D000CE57C5 /* Debug */ = {
			isa = XCBuildConfiguration;
			buildSettings = {
				ALWAYS_SEARCH_USER_PATHS = NO;
				CLANG_ANALYZER_NONNULL = YES;
				CLANG_ANALYZER_NUMBER_OBJECT_CONVERSION = YES_AGGRESSIVE;
				CLANG_CXX_LANGUAGE_STANDARD = "gnu++17";
				CLANG_ENABLE_MODULES = YES;
				CLANG_ENABLE_OBJC_ARC = YES;
				CLANG_ENABLE_OBJC_WEAK = YES;
				CLANG_WARN_BLOCK_CAPTURE_AUTORELEASING = YES;
				CLANG_WARN_BOOL_CONVERSION = YES;
				CLANG_WARN_COMMA = YES;
				CLANG_WARN_CONSTANT_CONVERSION = YES;
				CLANG_WARN_DEPRECATED_OBJC_IMPLEMENTATIONS = YES;
				CLANG_WARN_DIRECT_OBJC_ISA_USAGE = YES_ERROR;
				CLANG_WARN_DOCUMENTATION_COMMENTS = YES;
				CLANG_WARN_EMPTY_BODY = YES;
				CLANG_WARN_ENUM_CONVERSION = YES;
				CLANG_WARN_INFINITE_RECURSION = YES;
				CLANG_WARN_INT_CONVERSION = YES;
				CLANG_WARN_NON_LITERAL_NULL_CONVERSION = YES;
				CLANG_WARN_OBJC_IMPLICIT_RETAIN_SELF = YES;
				CLANG_WARN_OBJC_LITERAL_CONVERSION = YES;
				CLANG_WARN_OBJC_ROOT_CLASS = YES_ERROR;
				CLANG_WARN_QUOTED_INCLUDE_IN_FRAMEWORK_HEADER = YES;
				CLANG_WARN_RANGE_LOOP_ANALYSIS = YES;
				CLANG_WARN_STRICT_PROTOTYPES = YES;
				CLANG_WARN_SUSPICIOUS_MOVE = YES;
				CLANG_WARN_UNGUARDED_AVAILABILITY = YES_AGGRESSIVE;
				CLANG_WARN_UNREACHABLE_CODE = YES;
				CLANG_WARN__DUPLICATE_METHOD_MATCH = YES;
				COPY_PHASE_STRIP = NO;
				DEBUG_INFORMATION_FORMAT = dwarf;
				ENABLE_STRICT_OBJC_MSGSEND = YES;
				ENABLE_TESTABILITY = YES;
				GCC_C_LANGUAGE_STANDARD = gnu11;
				GCC_DYNAMIC_NO_PIC = NO;
				GCC_NO_COMMON_BLOCKS = YES;
				GCC_OPTIMIZATION_LEVEL = 0;
				GCC_PREPROCESSOR_DEFINITIONS = (
					"DEBUG=1",
					"$(inherited)",
				);
				GCC_WARN_64_TO_32_BIT_CONVERSION = YES;
				GCC_WARN_ABOUT_RETURN_TYPE = YES_ERROR;
				GCC_WARN_UNDECLARED_SELECTOR = YES;
				GCC_WARN_UNINITIALIZED_AUTOS = YES_AGGRESSIVE;
				GCC_WARN_UNUSED_FUNCTION = YES;
				GCC_WARN_UNUSED_VARIABLE = YES;
				MTL_ENABLE_DEBUG_INFO = INCLUDE_SOURCE;
				MTL_FAST_MATH = YES;
				ONLY_ACTIVE_ARCH = YES;
				SWIFT_ACTIVE_COMPILATION_CONDITIONS = DEBUG;
				SWIFT_OPTIMIZATION_LEVEL = "-Onone";
			};
			name = Debug;
		};
		8432C7F8286895D000CE57C5 /* Release */ = {
			isa = XCBuildConfiguration;
			buildSettings = {
				ALWAYS_SEARCH_USER_PATHS = NO;
				CLANG_ANALYZER_NONNULL = YES;
				CLANG_ANALYZER_NUMBER_OBJECT_CONVERSION = YES_AGGRESSIVE;
				CLANG_CXX_LANGUAGE_STANDARD = "gnu++17";
				CLANG_ENABLE_MODULES = YES;
				CLANG_ENABLE_OBJC_ARC = YES;
				CLANG_ENABLE_OBJC_WEAK = YES;
				CLANG_WARN_BLOCK_CAPTURE_AUTORELEASING = YES;
				CLANG_WARN_BOOL_CONVERSION = YES;
				CLANG_WARN_COMMA = YES;
				CLANG_WARN_CONSTANT_CONVERSION = YES;
				CLANG_WARN_DEPRECATED_OBJC_IMPLEMENTATIONS = YES;
				CLANG_WARN_DIRECT_OBJC_ISA_USAGE = YES_ERROR;
				CLANG_WARN_DOCUMENTATION_COMMENTS = YES;
				CLANG_WARN_EMPTY_BODY = YES;
				CLANG_WARN_ENUM_CONVERSION = YES;
				CLANG_WARN_INFINITE_RECURSION = YES;
				CLANG_WARN_INT_CONVERSION = YES;
				CLANG_WARN_NON_LITERAL_NULL_CONVERSION = YES;
				CLANG_WARN_OBJC_IMPLICIT_RETAIN_SELF = YES;
				CLANG_WARN_OBJC_LITERAL_CONVERSION = YES;
				CLANG_WARN_OBJC_ROOT_CLASS = YES_ERROR;
				CLANG_WARN_QUOTED_INCLUDE_IN_FRAMEWORK_HEADER = YES;
				CLANG_WARN_RANGE_LOOP_ANALYSIS = YES;
				CLANG_WARN_STRICT_PROTOTYPES = YES;
				CLANG_WARN_SUSPICIOUS_MOVE = YES;
				CLANG_WARN_UNGUARDED_AVAILABILITY = YES_AGGRESSIVE;
				CLANG_WARN_UNREACHABLE_CODE = YES;
				CLANG_WARN__DUPLICATE_METHOD_MATCH = YES;
				COPY_PHASE_STRIP = NO;
				DEBUG_INFORMATION_FORMAT = "dwarf-with-dsym";
				ENABLE_NS_ASSERTIONS = NO;
				ENABLE_STRICT_OBJC_MSGSEND = YES;
				GCC_C_LANGUAGE_STANDARD = gnu11;
				GCC_NO_COMMON_BLOCKS = YES;
				GCC_WARN_64_TO_32_BIT_CONVERSION = YES;
				GCC_WARN_ABOUT_RETURN_TYPE = YES_ERROR;
				GCC_WARN_UNDECLARED_SELECTOR = YES;
				GCC_WARN_UNINITIALIZED_AUTOS = YES_AGGRESSIVE;
				GCC_WARN_UNUSED_FUNCTION = YES;
				GCC_WARN_UNUSED_VARIABLE = YES;
				MTL_ENABLE_DEBUG_INFO = NO;
				MTL_FAST_MATH = YES;
				SWIFT_COMPILATION_MODE = wholemodule;
				SWIFT_OPTIMIZATION_LEVEL = "-O";
			};
			name = Release;
		};
		8432C7FA286895D000CE57C5 /* Debug */ = {
			isa = XCBuildConfiguration;
			buildSettings = {
				ASSETCATALOG_COMPILER_APPICON_NAME = AppIcon;
				ASSETCATALOG_COMPILER_GLOBAL_ACCENT_COLOR_NAME = AccentColor;
				CODE_SIGN_STYLE = Automatic;
				CURRENT_PROJECT_VERSION = 1;
				DEVELOPMENT_TEAM = LXP8S6XCSQ;
				ENABLE_PREVIEWS = YES;
				GENERATE_INFOPLIST_FILE = YES;
				INFOPLIST_KEY_UIApplicationSceneManifest_Generation = YES;
				INFOPLIST_KEY_UIApplicationSupportsIndirectInputEvents = YES;
				INFOPLIST_KEY_UILaunchScreen_Generation = YES;
				INFOPLIST_KEY_UISupportedInterfaceOrientations_iPad = "UIInterfaceOrientationPortrait UIInterfaceOrientationPortraitUpsideDown UIInterfaceOrientationLandscapeLeft UIInterfaceOrientationLandscapeRight";
				INFOPLIST_KEY_UISupportedInterfaceOrientations_iPhone = "UIInterfaceOrientationPortrait UIInterfaceOrientationLandscapeLeft UIInterfaceOrientationLandscapeRight";
				IPHONEOS_DEPLOYMENT_TARGET = 15.5;
				LD_RUNPATH_SEARCH_PATHS = (
					"$(inherited)",
					"@executable_path/Frameworks",
				);
				MARKETING_VERSION = 1.0;
				PRODUCT_BUNDLE_IDENTIFIER = lensin2nature.GitHubDemo;
				PRODUCT_NAME = GitHubDemo;
				SDKROOT = iphoneos;
				SWIFT_EMIT_LOC_STRINGS = YES;
				SWIFT_VERSION = 5.0;
				TARGETED_DEVICE_FAMILY = "1,2";
			};
			name = Debug;
		};
		8432C7FB286895D000CE57C5 /* Release */ = {
			isa = XCBuildConfiguration;
			buildSettings = {
				ASSETCATALOG_COMPILER_APPICON_NAME = AppIcon;
				ASSETCATALOG_COMPILER_GLOBAL_ACCENT_COLOR_NAME = AccentColor;
				CODE_SIGN_STYLE = Automatic;
				CURRENT_PROJECT_VERSION = 1;
				DEVELOPMENT_TEAM = LXP8S6XCSQ;
				ENABLE_PREVIEWS = YES;
				GENERATE_INFOPLIST_FILE = YES;
				INFOPLIST_KEY_UIApplicationSceneManifest_Generation = YES;
				INFOPLIST_KEY_UIApplicationSupportsIndirectInputEvents = YES;
				INFOPLIST_KEY_UILaunchScreen_Generation = YES;
				INFOPLIST_KEY_UISupportedInterfaceOrientations_iPad = "UIInterfaceOrientationPortrait UIInterfaceOrientationPortraitUpsideDown UIInterfaceOrientationLandscapeLeft UIInterfaceOrientationLandscapeRight";
				INFOPLIST_KEY_UISupportedInterfaceOrientations_iPhone = "UIInterfaceOrientationPortrait UIInterfaceOrientationLandscapeLeft UIInterfaceOrientationLandscapeRight";
				IPHONEOS_DEPLOYMENT_TARGET = 15.5;
				LD_RUNPATH_SEARCH_PATHS = (
					"$(inherited)",
					"@executable_path/Frameworks",
				);
				MARKETING_VERSION = 1.0;
				PRODUCT_BUNDLE_IDENTIFIER = lensin2nature.GitHubDemo;
				PRODUCT_NAME = GitHubDemo;
				SDKROOT = iphoneos;
				SWIFT_EMIT_LOC_STRINGS = YES;
				SWIFT_VERSION = 5.0;
				TARGETED_DEVICE_FAMILY = "1,2";
				VALIDATE_PRODUCT = YES;
			};
			name = Release;
		};
		8432C7FD286895D000CE57C5 /* Debug */ = {
			isa = XCBuildConfiguration;
			buildSettings = {
				ASSETCATALOG_COMPILER_APPICON_NAME = AppIcon;
				ASSETCATALOG_COMPILER_GLOBAL_ACCENT_COLOR_NAME = AccentColor;
				CODE_SIGN_ENTITLEMENTS = macOS/macOS.entitlements;
				CODE_SIGN_STYLE = Automatic;
				COMBINE_HIDPI_IMAGES = YES;
				CURRENT_PROJECT_VERSION = 1;
				DEVELOPMENT_TEAM = LXP8S6XCSQ;
				ENABLE_HARDENED_RUNTIME = YES;
				ENABLE_PREVIEWS = YES;
				GENERATE_INFOPLIST_FILE = YES;
				INFOPLIST_KEY_NSHumanReadableCopyright = "";
				LD_RUNPATH_SEARCH_PATHS = (
					"$(inherited)",
					"@executable_path/../Frameworks",
				);
				MACOSX_DEPLOYMENT_TARGET = 12.3;
				MARKETING_VERSION = 1.0;
				PRODUCT_BUNDLE_IDENTIFIER = lensin2nature.GitHubDemo;
				PRODUCT_NAME = GitHubDemo;
				SDKROOT = macosx;
				SWIFT_EMIT_LOC_STRINGS = YES;
				SWIFT_VERSION = 5.0;
			};
			name = Debug;
		};
		8432C7FE286895D000CE57C5 /* Release */ = {
			isa = XCBuildConfiguration;
			buildSettings = {
				ASSETCATALOG_COMPILER_APPICON_NAME = AppIcon;
				ASSETCATALOG_COMPILER_GLOBAL_ACCENT_COLOR_NAME = AccentColor;
				CODE_SIGN_ENTITLEMENTS = macOS/macOS.entitlements;
				CODE_SIGN_STYLE = Automatic;
				COMBINE_HIDPI_IMAGES = YES;
				CURRENT_PROJECT_VERSION = 1;
				DEVELOPMENT_TEAM = LXP8S6XCSQ;
				ENABLE_HARDENED_RUNTIME = YES;
				ENABLE_PREVIEWS = YES;
				GENERATE_INFOPLIST_FILE = YES;
				INFOPLIST_KEY_NSHumanReadableCopyright = "";
				LD_RUNPATH_SEARCH_PATHS = (
					"$(inherited)",
					"@executable_path/../Frameworks",
				);
				MACOSX_DEPLOYMENT_TARGET = 12.3;
				MARKETING_VERSION = 1.0;
				PRODUCT_BUNDLE_IDENTIFIER = lensin2nature.GitHubDemo;
				PRODUCT_NAME = GitHubDemo;
				SDKROOT = macosx;
				SWIFT_EMIT_LOC_STRINGS = YES;
				SWIFT_VERSION = 5.0;
			};
			name = Release;
		};
		8432C800286895D000CE57C5 /* Debug */ = {
			isa = XCBuildConfiguration;
			buildSettings = {
				ALWAYS_EMBED_SWIFT_STANDARD_LIBRARIES = YES;
				CODE_SIGN_STYLE = Automatic;
				CURRENT_PROJECT_VERSION = 1;
				DEVELOPMENT_TEAM = LXP8S6XCSQ;
				GENERATE_INFOPLIST_FILE = YES;
				IPHONEOS_DEPLOYMENT_TARGET = 15.5;
				MARKETING_VERSION = 1.0;
				PRODUCT_BUNDLE_IDENTIFIER = "lensin2nature.Tests-iOS";
				PRODUCT_NAME = "$(TARGET_NAME)";
				SDKROOT = iphoneos;
				SWIFT_EMIT_LOC_STRINGS = NO;
				SWIFT_VERSION = 5.0;
				TARGETED_DEVICE_FAMILY = "1,2";
				TEST_TARGET_NAME = "GitHubDemo (iOS)";
			};
			name = Debug;
		};
		8432C801286895D000CE57C5 /* Release */ = {
			isa = XCBuildConfiguration;
			buildSettings = {
				ALWAYS_EMBED_SWIFT_STANDARD_LIBRARIES = YES;
				CODE_SIGN_STYLE = Automatic;
				CURRENT_PROJECT_VERSION = 1;
				DEVELOPMENT_TEAM = LXP8S6XCSQ;
				GENERATE_INFOPLIST_FILE = YES;
				IPHONEOS_DEPLOYMENT_TARGET = 15.5;
				MARKETING_VERSION = 1.0;
				PRODUCT_BUNDLE_IDENTIFIER = "lensin2nature.Tests-iOS";
				PRODUCT_NAME = "$(TARGET_NAME)";
				SDKROOT = iphoneos;
				SWIFT_EMIT_LOC_STRINGS = NO;
				SWIFT_VERSION = 5.0;
				TARGETED_DEVICE_FAMILY = "1,2";
				TEST_TARGET_NAME = "GitHubDemo (iOS)";
				VALIDATE_PRODUCT = YES;
			};
			name = Release;
		};
		8432C803286895D000CE57C5 /* Debug */ = {
			isa = XCBuildConfiguration;
			buildSettings = {
				ALWAYS_EMBED_SWIFT_STANDARD_LIBRARIES = YES;
				CODE_SIGN_STYLE = Automatic;
				CURRENT_PROJECT_VERSION = 1;
				DEVELOPMENT_TEAM = LXP8S6XCSQ;
				GENERATE_INFOPLIST_FILE = YES;
				MACOSX_DEPLOYMENT_TARGET = 12.3;
				MARKETING_VERSION = 1.0;
				PRODUCT_BUNDLE_IDENTIFIER = "lensin2nature.Tests-macOS";
				PRODUCT_NAME = "$(TARGET_NAME)";
				SDKROOT = macosx;
				SWIFT_EMIT_LOC_STRINGS = NO;
				SWIFT_VERSION = 5.0;
				TEST_TARGET_NAME = "GitHubDemo (macOS)";
			};
			name = Debug;
		};
		8432C804286895D000CE57C5 /* Release */ = {
			isa = XCBuildConfiguration;
			buildSettings = {
				ALWAYS_EMBED_SWIFT_STANDARD_LIBRARIES = YES;
				CODE_SIGN_STYLE = Automatic;
				CURRENT_PROJECT_VERSION = 1;
				DEVELOPMENT_TEAM = LXP8S6XCSQ;
				GENERATE_INFOPLIST_FILE = YES;
				MACOSX_DEPLOYMENT_TARGET = 12.3;
				MARKETING_VERSION = 1.0;
				PRODUCT_BUNDLE_IDENTIFIER = "lensin2nature.Tests-macOS";
				PRODUCT_NAME = "$(TARGET_NAME)";
				SDKROOT = macosx;
				SWIFT_EMIT_LOC_STRINGS = NO;
				SWIFT_VERSION = 5.0;
				TEST_TARGET_NAME = "GitHubDemo (macOS)";
			};
			name = Release;
		};
/* End XCBuildConfiguration section */

/* Begin XCConfigurationList section */
		8432C7C7286895CE00CE57C5 /* Build configuration list for PBXProject "GitHubDemo" */ = {
			isa = XCConfigurationList;
			buildConfigurations = (
				8432C7F7286895D000CE57C5 /* Debug */,
				8432C7F8286895D000CE57C5 /* Release */,
			);
			defaultConfigurationIsVisible = 0;
			defaultConfigurationName = Release;
		};
		8432C7F9286895D000CE57C5 /* Build configuration list for PBXNativeTarget "GitHubDemo (iOS)" */ = {
			isa = XCConfigurationList;
			buildConfigurations = (
				8432C7FA286895D000CE57C5 /* Debug */,
				8432C7FB286895D000CE57C5 /* Release */,
			);
			defaultConfigurationIsVisible = 0;
			defaultConfigurationName = Release;
		};
		8432C7FC286895D000CE57C5 /* Build configuration list for PBXNativeTarget "GitHubDemo (macOS)" */ = {
			isa = XCConfigurationList;
			buildConfigurations = (
				8432C7FD286895D000CE57C5 /* Debug */,
				8432C7FE286895D000CE57C5 /* Release */,
			);
			defaultConfigurationIsVisible = 0;
			defaultConfigurationName = Release;
		};
		8432C7FF286895D000CE57C5 /* Build configuration list for PBXNativeTarget "Tests iOS" */ = {
			isa = XCConfigurationList;
			buildConfigurations = (
				8432C800286895D000CE57C5 /* Debug */,
				8432C801286895D000CE57C5 /* Release */,
			);
			defaultConfigurationIsVisible = 0;
			defaultConfigurationName = Release;
		};
		8432C802286895D000CE57C5 /* Build configuration list for PBXNativeTarget "Tests macOS" */ = {
			isa = XCConfigurationList;
			buildConfigurations = (
				8432C803286895D000CE57C5 /* Debug */,
				8432C804286895D000CE57C5 /* Release */,
			);
			defaultConfigurationIsVisible = 0;
			defaultConfigurationName = Release;
		};
/* End XCConfigurationList section */
	};
	rootObject = 8432C7C4286895CE00CE57C5 /* Project object */;
}
